{
  "name": "passell",
  "version": "0.0.0",
  "lockfileVersion": 1,
  "requires": true,
  "dependencies": {
    "buf-b32": {
      "version": "1.1.0",
      "resolved": "https://registry.npmjs.org/buf-b32/-/buf-b32-1.1.0.tgz",
      "integrity": "sha512-2j0fXMM3L1ZZBuWVcnFoH6FdeT9wETwdj9VHNuZjDAj6ZIDKz42TbkSRA/mNcMJeIMKc7tGO/potsEpZQ7lIbQ=="
    },
    "ztotp": {
      "version": "2.0.1",
      "resolved": "https://registry.npmjs.org/ztotp/-/ztotp-2.0.1.tgz",
      "integrity": "sha512-mBOqaZu7EhnPZmY9oIhG0Qt2n2N4mAlzF6UBxlgcZB8eVe4wKclkCXikREeokndnYW9ioogYzVceAd/ji5U6Ug==",
      "requires": {
        "buf-b32": "1.1.0"
      }
    }
  }
}
