{
  "name": "passell",
  "version": "0.0.0",
  "lockfileVersion": 1,
  "requires": true,
  "dependencies": {
    "buf-b32": {
      "version": "1.1.0",
      "resolved": "https://registry.npmjs.org/buf-b32/-/buf-b32-1.1.0.tgz",
      "integrity": "sha512-2j0fXMM3L1ZZBuWVcnFoH6FdeT9wETwdj9VHNuZjDAj6ZIDKz42TbkSRA/mNcMJeIMKc7tGO/potsEpZQ7lIbQ=="
    },
    "zmkdirp": {
      "version": "2.0.1",
      "resolved": "https://registry.npmjs.org/zmkdirp/-/zmkdirp-2.0.1.tgz",
      "integrity": "sha512-T0ktWk03Z/AMeZyf7xCvNerwJPus4mpZCgr4qqXv7b5KgNumfKax6woEDCZZNhREZ1TmoaBE4UBrC/PCRufj2w=="
    },
    "ztotp": {
      "version": "2.0.2",
      "resolved": "https://registry.npmjs.org/ztotp/-/ztotp-2.0.2.tgz",
      "integrity": "sha512-G9jYRW5bAuL+ms+I/xjguBEGnXt6NnN6V9woupZQvOjHg0bON+Xjln0BSiJHLyuTBcgJbPx6GeBRi/pY5pvpZQ==",
      "requires": {
        "buf-b32": "1.1.0"
      }
    }
  }
}
